name: 'Lock closed issues and pull requests'
on:
  schedule:
    - cron: '0 * * * *'
jobs:
  lock:
    runs-on: ubuntu-latest
    steps:
      - uses: dessant/lock-threads@v2
        with:
          github-token: ${{ github.token }}
          issue-lock-inactive-days: 15
          issue-lock-reason: ''
          pr-lock-inactive-days: 15
          pr-lock-reason: ''
